
Microsoft Visual Studio Solution File, Format Version 12.00
# Visual Studio Version 17
VisualStudioVersion = 17.4.33110.190
MinimumVisualStudioVersion = 10.0.40219.1
Project("{FAE04EC0-301F-11D3-BF4B-00C04F79EFBC}") = "Break", "Break.csproj", "{1D42EEB8-B1C2-4A6E-B354-F047BB9E7B81}"
EndProject
Global
	GlobalSection(SolutionConfigurationPlatforms) = preSolution
		Debug|Any CPU = Debug|Any CPU
		Release|Any CPU = Release|Any CPU
	EndGlobalSection
	GlobalSection(ProjectConfigurationPlatforms) = postSolution
		{1D42EEB8-B1C2-4A6E-B354-F047BB9E7B81}.Debug|Any CPU.ActiveCfg = Debug|Any CPU
		{1D42EEB8-B1C2-4A6E-B354-F047BB9E7B81}.Debug|Any CPU.Build.0 = Debug|Any CPU
		{1D42EEB8-B1C2-4A6E-B354-F047BB9E7B81}.Release|Any CPU.ActiveCfg = Release|Any CPU
		{1D42EEB8-B1C2-4A6E-B354-F047BB9E7B81}.Release|Any CPU.Build.0 = Release|Any CPU
	EndGlobalSection
	GlobalSection(SolutionProperties) = preSolution
		HideSolutionNode = FALSE
	EndGlobalSection
	GlobalSection(ExtensibilityGlobals) = postSolution
		SolutionGuid = {36E9BD82-FEB8-4A7E-9855-7E373FD24A07}
	EndGlobalSection
EndGlobal
