
Microsoft Visual Studio Solution File, Format Version 12.00
# Visual Studio Version 17
VisualStudioVersion = 17.4.33103.184
MinimumVisualStudioVersion = 10.0.40219.1
Project("{FAE04EC0-301F-11D3-BF4B-00C04F79EFBC}") = "ModoOscuro.Android", "ModoOscuro.Android\ModoOscuro.Android.csproj", "{77CC7450-879C-4944-A3D4-D87CCE4A2D7A}"
EndProject
Project("{FAE04EC0-301F-11D3-BF4B-00C04F79EFBC}") = "ModoOscuro.iOS", "ModoOscuro.iOS\ModoOscuro.iOS.csproj", "{412F382C-0745-4109-936D-0FF89E0E2FB8}"
EndProject
Project("{FAE04EC0-301F-11D3-BF4B-00C04F79EFBC}") = "ModoOscuro", "ModoOscuro\ModoOscuro.csproj", "{63FCAD9F-0D60-4E22-9280-CE281947B398}"
EndProject
Global
	GlobalSection(SolutionConfigurationPlatforms) = preSolution
		Debug|Any CPU = Debug|Any CPU
		Debug|iPhone = Debug|iPhone
		Debug|iPhoneSimulator = Debug|iPhoneSimulator
		Release|Any CPU = Release|Any CPU
		Release|iPhone = Release|iPhone
		Release|iPhoneSimulator = Release|iPhoneSimulator
	EndGlobalSection
	GlobalSection(ProjectConfigurationPlatforms) = postSolution
		{77CC7450-879C-4944-A3D4-D87CCE4A2D7A}.Debug|Any CPU.ActiveCfg = Debug|Any CPU
		{77CC7450-879C-4944-A3D4-D87CCE4A2D7A}.Debug|Any CPU.Build.0 = Debug|Any CPU
		{77CC7450-879C-4944-A3D4-D87CCE4A2D7A}.Debug|Any CPU.Deploy.0 = Debug|Any CPU
		{77CC7450-879C-4944-A3D4-D87CCE4A2D7A}.Debug|iPhone.ActiveCfg = Debug|Any CPU
		{77CC7450-879C-4944-A3D4-D87CCE4A2D7A}.Debug|iPhone.Build.0 = Debug|Any CPU
		{77CC7450-879C-4944-A3D4-D87CCE4A2D7A}.Debug|iPhone.Deploy.0 = Debug|Any CPU
		{77CC7450-879C-4944-A3D4-D87CCE4A2D7A}.Debug|iPhoneSimulator.ActiveCfg = Debug|Any CPU
		{77CC7450-879C-4944-A3D4-D87CCE4A2D7A}.Debug|iPhoneSimulator.Build.0 = Debug|Any CPU
		{77CC7450-879C-4944-A3D4-D87CCE4A2D7A}.Debug|iPhoneSimulator.Deploy.0 = Debug|Any CPU
		{77CC7450-879C-4944-A3D4-D87CCE4A2D7A}.Release|Any CPU.ActiveCfg = Release|Any CPU
		{77CC7450-879C-4944-A3D4-D87CCE4A2D7A}.Release|Any CPU.Build.0 = Release|Any CPU
		{77CC7450-879C-4944-A3D4-D87CCE4A2D7A}.Release|Any CPU.Deploy.0 = Release|Any CPU
		{77CC7450-879C-4944-A3D4-D87CCE4A2D7A}.Release|iPhone.ActiveCfg = Release|Any CPU
		{77CC7450-879C-4944-A3D4-D87CCE4A2D7A}.Release|iPhone.Build.0 = Release|Any CPU
		{77CC7450-879C-4944-A3D4-D87CCE4A2D7A}.Release|iPhone.Deploy.0 = Release|Any CPU
		{77CC7450-879C-4944-A3D4-D87CCE4A2D7A}.Release|iPhoneSimulator.ActiveCfg = Release|Any CPU
		{77CC7450-879C-4944-A3D4-D87CCE4A2D7A}.Release|iPhoneSimulator.Build.0 = Release|Any CPU
		{77CC7450-879C-4944-A3D4-D87CCE4A2D7A}.Release|iPhoneSimulator.Deploy.0 = Release|Any CPU
		{412F382C-0745-4109-936D-0FF89E0E2FB8}.Debug|Any CPU.ActiveCfg = Debug|iPhone
		{412F382C-0745-4109-936D-0FF89E0E2FB8}.Debug|Any CPU.Build.0 = Debug|iPhone
		{412F382C-0745-4109-936D-0FF89E0E2FB8}.Debug|Any CPU.Deploy.0 = Debug|iPhone
		{412F382C-0745-4109-936D-0FF89E0E2FB8}.Debug|iPhone.ActiveCfg = Debug|iPhone
		{412F382C-0745-4109-936D-0FF89E0E2FB8}.Debug|iPhone.Build.0 = Debug|iPhone
		{412F382C-0745-4109-936D-0FF89E0E2FB8}.Debug|iPhone.Deploy.0 = Debug|iPhone
		{412F382C-0745-4109-936D-0FF89E0E2FB8}.Debug|iPhoneSimulator.ActiveCfg = Debug|iPhoneSimulator
		{412F382C-0745-4109-936D-0FF89E0E2FB8}.Debug|iPhoneSimulator.Build.0 = Debug|iPhoneSimulator
		{412F382C-0745-4109-936D-0FF89E0E2FB8}.Debug|iPhoneSimulator.Deploy.0 = Debug|iPhoneSimulator
		{412F382C-0745-4109-936D-0FF89E0E2FB8}.Release|Any CPU.ActiveCfg = Release|iPhoneSimulator
		{412F382C-0745-4109-936D-0FF89E0E2FB8}.Release|Any CPU.Build.0 = Release|iPhoneSimulator
		{412F382C-0745-4109-936D-0FF89E0E2FB8}.Release|Any CPU.Deploy.0 = Release|iPhoneSimulator
		{412F382C-0745-4109-936D-0FF89E0E2FB8}.Release|iPhone.ActiveCfg = Release|iPhone
		{412F382C-0745-4109-936D-0FF89E0E2FB8}.Release|iPhone.Build.0 = Release|iPhone
		{412F382C-0745-4109-936D-0FF89E0E2FB8}.Release|iPhone.Deploy.0 = Release|iPhone
		{412F382C-0745-4109-936D-0FF89E0E2FB8}.Release|iPhoneSimulator.ActiveCfg = Release|iPhoneSimulator
		{412F382C-0745-4109-936D-0FF89E0E2FB8}.Release|iPhoneSimulator.Build.0 = Release|iPhoneSimulator
		{412F382C-0745-4109-936D-0FF89E0E2FB8}.Release|iPhoneSimulator.Deploy.0 = Release|iPhoneSimulator
		{63FCAD9F-0D60-4E22-9280-CE281947B398}.Debug|Any CPU.ActiveCfg = Debug|Any CPU
		{63FCAD9F-0D60-4E22-9280-CE281947B398}.Debug|Any CPU.Build.0 = Debug|Any CPU
		{63FCAD9F-0D60-4E22-9280-CE281947B398}.Debug|Any CPU.Deploy.0 = Debug|Any CPU
		{63FCAD9F-0D60-4E22-9280-CE281947B398}.Debug|iPhone.ActiveCfg = Debug|Any CPU
		{63FCAD9F-0D60-4E22-9280-CE281947B398}.Debug|iPhone.Build.0 = Debug|Any CPU
		{63FCAD9F-0D60-4E22-9280-CE281947B398}.Debug|iPhone.Deploy.0 = Debug|Any CPU
		{63FCAD9F-0D60-4E22-9280-CE281947B398}.Debug|iPhoneSimulator.ActiveCfg = Debug|Any CPU
		{63FCAD9F-0D60-4E22-9280-CE281947B398}.Debug|iPhoneSimulator.Build.0 = Debug|Any CPU
		{63FCAD9F-0D60-4E22-9280-CE281947B398}.Debug|iPhoneSimulator.Deploy.0 = Debug|Any CPU
		{63FCAD9F-0D60-4E22-9280-CE281947B398}.Release|Any CPU.ActiveCfg = Release|Any CPU
		{63FCAD9F-0D60-4E22-9280-CE281947B398}.Release|Any CPU.Build.0 = Release|Any CPU
		{63FCAD9F-0D60-4E22-9280-CE281947B398}.Release|Any CPU.Deploy.0 = Release|Any CPU
		{63FCAD9F-0D60-4E22-9280-CE281947B398}.Release|iPhone.ActiveCfg = Release|Any CPU
		{63FCAD9F-0D60-4E22-9280-CE281947B398}.Release|iPhone.Build.0 = Release|Any CPU
		{63FCAD9F-0D60-4E22-9280-CE281947B398}.Release|iPhone.Deploy.0 = Release|Any CPU
		{63FCAD9F-0D60-4E22-9280-CE281947B398}.Release|iPhoneSimulator.ActiveCfg = Release|Any CPU
		{63FCAD9F-0D60-4E22-9280-CE281947B398}.Release|iPhoneSimulator.Build.0 = Release|Any CPU
		{63FCAD9F-0D60-4E22-9280-CE281947B398}.Release|iPhoneSimulator.Deploy.0 = Release|Any CPU
	EndGlobalSection
	GlobalSection(SolutionProperties) = preSolution
		HideSolutionNode = FALSE
	EndGlobalSection
	GlobalSection(ExtensibilityGlobals) = postSolution
		SolutionGuid = {A766652C-B6D0-45E3-AE44-03D61C67D73B}
	EndGlobalSection
EndGlobal
