
Microsoft Visual Studio Solution File, Format Version 12.00
# Visual Studio Version 17
VisualStudioVersion = 17.4.33110.190
MinimumVisualStudioVersion = 10.0.40219.1
Project("{FAE04EC0-301F-11D3-BF4B-00C04F79EFBC}") = "Demo.Android", "Demo.Android\Demo.Android.csproj", "{B0058838-86DD-46A9-B783-42A08DCB37BC}"
EndProject
Project("{FAE04EC0-301F-11D3-BF4B-00C04F79EFBC}") = "Demo.iOS", "Demo.iOS\Demo.iOS.csproj", "{BED44B81-3691-4FA2-AE02-5036A34DF6B4}"
EndProject
Project("{FAE04EC0-301F-11D3-BF4B-00C04F79EFBC}") = "Demo", "Demo\Demo.csproj", "{8E1B12B7-1707-4BC6-9F58-268658587D3B}"
EndProject
Global
	GlobalSection(SolutionConfigurationPlatforms) = preSolution
		Debug|Any CPU = Debug|Any CPU
		Debug|iPhone = Debug|iPhone
		Debug|iPhoneSimulator = Debug|iPhoneSimulator
		Release|Any CPU = Release|Any CPU
		Release|iPhone = Release|iPhone
		Release|iPhoneSimulator = Release|iPhoneSimulator
	EndGlobalSection
	GlobalSection(ProjectConfigurationPlatforms) = postSolution
		{B0058838-86DD-46A9-B783-42A08DCB37BC}.Debug|Any CPU.ActiveCfg = Debug|Any CPU
		{B0058838-86DD-46A9-B783-42A08DCB37BC}.Debug|Any CPU.Build.0 = Debug|Any CPU
		{B0058838-86DD-46A9-B783-42A08DCB37BC}.Debug|Any CPU.Deploy.0 = Debug|Any CPU
		{B0058838-86DD-46A9-B783-42A08DCB37BC}.Debug|iPhone.ActiveCfg = Debug|Any CPU
		{B0058838-86DD-46A9-B783-42A08DCB37BC}.Debug|iPhone.Build.0 = Debug|Any CPU
		{B0058838-86DD-46A9-B783-42A08DCB37BC}.Debug|iPhone.Deploy.0 = Debug|Any CPU
		{B0058838-86DD-46A9-B783-42A08DCB37BC}.Debug|iPhoneSimulator.ActiveCfg = Debug|Any CPU
		{B0058838-86DD-46A9-B783-42A08DCB37BC}.Debug|iPhoneSimulator.Build.0 = Debug|Any CPU
		{B0058838-86DD-46A9-B783-42A08DCB37BC}.Debug|iPhoneSimulator.Deploy.0 = Debug|Any CPU
		{B0058838-86DD-46A9-B783-42A08DCB37BC}.Release|Any CPU.ActiveCfg = Release|Any CPU
		{B0058838-86DD-46A9-B783-42A08DCB37BC}.Release|Any CPU.Build.0 = Release|Any CPU
		{B0058838-86DD-46A9-B783-42A08DCB37BC}.Release|Any CPU.Deploy.0 = Release|Any CPU
		{B0058838-86DD-46A9-B783-42A08DCB37BC}.Release|iPhone.ActiveCfg = Release|Any CPU
		{B0058838-86DD-46A9-B783-42A08DCB37BC}.Release|iPhone.Build.0 = Release|Any CPU
		{B0058838-86DD-46A9-B783-42A08DCB37BC}.Release|iPhone.Deploy.0 = Release|Any CPU
		{B0058838-86DD-46A9-B783-42A08DCB37BC}.Release|iPhoneSimulator.ActiveCfg = Release|Any CPU
		{B0058838-86DD-46A9-B783-42A08DCB37BC}.Release|iPhoneSimulator.Build.0 = Release|Any CPU
		{B0058838-86DD-46A9-B783-42A08DCB37BC}.Release|iPhoneSimulator.Deploy.0 = Release|Any CPU
		{BED44B81-3691-4FA2-AE02-5036A34DF6B4}.Debug|Any CPU.ActiveCfg = Debug|iPhone
		{BED44B81-3691-4FA2-AE02-5036A34DF6B4}.Debug|Any CPU.Build.0 = Debug|iPhone
		{BED44B81-3691-4FA2-AE02-5036A34DF6B4}.Debug|Any CPU.Deploy.0 = Debug|iPhone
		{BED44B81-3691-4FA2-AE02-5036A34DF6B4}.Debug|iPhone.ActiveCfg = Debug|iPhone
		{BED44B81-3691-4FA2-AE02-5036A34DF6B4}.Debug|iPhone.Build.0 = Debug|iPhone
		{BED44B81-3691-4FA2-AE02-5036A34DF6B4}.Debug|iPhone.Deploy.0 = Debug|iPhone
		{BED44B81-3691-4FA2-AE02-5036A34DF6B4}.Debug|iPhoneSimulator.ActiveCfg = Debug|iPhoneSimulator
		{BED44B81-3691-4FA2-AE02-5036A34DF6B4}.Debug|iPhoneSimulator.Build.0 = Debug|iPhoneSimulator
		{BED44B81-3691-4FA2-AE02-5036A34DF6B4}.Debug|iPhoneSimulator.Deploy.0 = Debug|iPhoneSimulator
		{BED44B81-3691-4FA2-AE02-5036A34DF6B4}.Release|Any CPU.ActiveCfg = Release|iPhoneSimulator
		{BED44B81-3691-4FA2-AE02-5036A34DF6B4}.Release|Any CPU.Build.0 = Release|iPhoneSimulator
		{BED44B81-3691-4FA2-AE02-5036A34DF6B4}.Release|Any CPU.Deploy.0 = Release|iPhoneSimulator
		{BED44B81-3691-4FA2-AE02-5036A34DF6B4}.Release|iPhone.ActiveCfg = Release|iPhone
		{BED44B81-3691-4FA2-AE02-5036A34DF6B4}.Release|iPhone.Build.0 = Release|iPhone
		{BED44B81-3691-4FA2-AE02-5036A34DF6B4}.Release|iPhone.Deploy.0 = Release|iPhone
		{BED44B81-3691-4FA2-AE02-5036A34DF6B4}.Release|iPhoneSimulator.ActiveCfg = Release|iPhoneSimulator
		{BED44B81-3691-4FA2-AE02-5036A34DF6B4}.Release|iPhoneSimulator.Build.0 = Release|iPhoneSimulator
		{BED44B81-3691-4FA2-AE02-5036A34DF6B4}.Release|iPhoneSimulator.Deploy.0 = Release|iPhoneSimulator
		{8E1B12B7-1707-4BC6-9F58-268658587D3B}.Debug|Any CPU.ActiveCfg = Debug|Any CPU
		{8E1B12B7-1707-4BC6-9F58-268658587D3B}.Debug|Any CPU.Build.0 = Debug|Any CPU
		{8E1B12B7-1707-4BC6-9F58-268658587D3B}.Debug|Any CPU.Deploy.0 = Debug|Any CPU
		{8E1B12B7-1707-4BC6-9F58-268658587D3B}.Debug|iPhone.ActiveCfg = Debug|Any CPU
		{8E1B12B7-1707-4BC6-9F58-268658587D3B}.Debug|iPhone.Build.0 = Debug|Any CPU
		{8E1B12B7-1707-4BC6-9F58-268658587D3B}.Debug|iPhone.Deploy.0 = Debug|Any CPU
		{8E1B12B7-1707-4BC6-9F58-268658587D3B}.Debug|iPhoneSimulator.ActiveCfg = Debug|Any CPU
		{8E1B12B7-1707-4BC6-9F58-268658587D3B}.Debug|iPhoneSimulator.Build.0 = Debug|Any CPU
		{8E1B12B7-1707-4BC6-9F58-268658587D3B}.Debug|iPhoneSimulator.Deploy.0 = Debug|Any CPU
		{8E1B12B7-1707-4BC6-9F58-268658587D3B}.Release|Any CPU.ActiveCfg = Release|Any CPU
		{8E1B12B7-1707-4BC6-9F58-268658587D3B}.Release|Any CPU.Build.0 = Release|Any CPU
		{8E1B12B7-1707-4BC6-9F58-268658587D3B}.Release|Any CPU.Deploy.0 = Release|Any CPU
		{8E1B12B7-1707-4BC6-9F58-268658587D3B}.Release|iPhone.ActiveCfg = Release|Any CPU
		{8E1B12B7-1707-4BC6-9F58-268658587D3B}.Release|iPhone.Build.0 = Release|Any CPU
		{8E1B12B7-1707-4BC6-9F58-268658587D3B}.Release|iPhone.Deploy.0 = Release|Any CPU
		{8E1B12B7-1707-4BC6-9F58-268658587D3B}.Release|iPhoneSimulator.ActiveCfg = Release|Any CPU
		{8E1B12B7-1707-4BC6-9F58-268658587D3B}.Release|iPhoneSimulator.Build.0 = Release|Any CPU
		{8E1B12B7-1707-4BC6-9F58-268658587D3B}.Release|iPhoneSimulator.Deploy.0 = Release|Any CPU
	EndGlobalSection
	GlobalSection(SolutionProperties) = preSolution
		HideSolutionNode = FALSE
	EndGlobalSection
	GlobalSection(ExtensibilityGlobals) = postSolution
		SolutionGuid = {36734073-6281-454C-B465-966E999C150E}
	EndGlobalSection
EndGlobal
