
Microsoft Visual Studio Solution File, Format Version 12.00
# Visual Studio Version 17
VisualStudioVersion = 17.4.33110.190
MinimumVisualStudioVersion = 10.0.40219.1
Project("{FAE04EC0-301F-11D3-BF4B-00C04F79EFBC}") = "Demo.Android", "Demo.Android\Demo.Android.csproj", "{4DED312E-1AB3-4FDE-BB89-CCB4EDBD626A}"
EndProject
Project("{FAE04EC0-301F-11D3-BF4B-00C04F79EFBC}") = "Demo.iOS", "Demo.iOS\Demo.iOS.csproj", "{C4F7BB21-BD4F-40F8-8748-B4DCE9F237AA}"
EndProject
Project("{FAE04EC0-301F-11D3-BF4B-00C04F79EFBC}") = "Demo", "Demo\Demo.csproj", "{628775C3-B63D-4149-83BA-ADF155695AA9}"
EndProject
Global
	GlobalSection(SolutionConfigurationPlatforms) = preSolution
		Debug|Any CPU = Debug|Any CPU
		Debug|iPhone = Debug|iPhone
		Debug|iPhoneSimulator = Debug|iPhoneSimulator
		Release|Any CPU = Release|Any CPU
		Release|iPhone = Release|iPhone
		Release|iPhoneSimulator = Release|iPhoneSimulator
	EndGlobalSection
	GlobalSection(ProjectConfigurationPlatforms) = postSolution
		{4DED312E-1AB3-4FDE-BB89-CCB4EDBD626A}.Debug|Any CPU.ActiveCfg = Debug|Any CPU
		{4DED312E-1AB3-4FDE-BB89-CCB4EDBD626A}.Debug|Any CPU.Build.0 = Debug|Any CPU
		{4DED312E-1AB3-4FDE-BB89-CCB4EDBD626A}.Debug|Any CPU.Deploy.0 = Debug|Any CPU
		{4DED312E-1AB3-4FDE-BB89-CCB4EDBD626A}.Debug|iPhone.ActiveCfg = Debug|Any CPU
		{4DED312E-1AB3-4FDE-BB89-CCB4EDBD626A}.Debug|iPhone.Build.0 = Debug|Any CPU
		{4DED312E-1AB3-4FDE-BB89-CCB4EDBD626A}.Debug|iPhone.Deploy.0 = Debug|Any CPU
		{4DED312E-1AB3-4FDE-BB89-CCB4EDBD626A}.Debug|iPhoneSimulator.ActiveCfg = Debug|Any CPU
		{4DED312E-1AB3-4FDE-BB89-CCB4EDBD626A}.Debug|iPhoneSimulator.Build.0 = Debug|Any CPU
		{4DED312E-1AB3-4FDE-BB89-CCB4EDBD626A}.Debug|iPhoneSimulator.Deploy.0 = Debug|Any CPU
		{4DED312E-1AB3-4FDE-BB89-CCB4EDBD626A}.Release|Any CPU.ActiveCfg = Release|Any CPU
		{4DED312E-1AB3-4FDE-BB89-CCB4EDBD626A}.Release|Any CPU.Build.0 = Release|Any CPU
		{4DED312E-1AB3-4FDE-BB89-CCB4EDBD626A}.Release|Any CPU.Deploy.0 = Release|Any CPU
		{4DED312E-1AB3-4FDE-BB89-CCB4EDBD626A}.Release|iPhone.ActiveCfg = Release|Any CPU
		{4DED312E-1AB3-4FDE-BB89-CCB4EDBD626A}.Release|iPhone.Build.0 = Release|Any CPU
		{4DED312E-1AB3-4FDE-BB89-CCB4EDBD626A}.Release|iPhone.Deploy.0 = Release|Any CPU
		{4DED312E-1AB3-4FDE-BB89-CCB4EDBD626A}.Release|iPhoneSimulator.ActiveCfg = Release|Any CPU
		{4DED312E-1AB3-4FDE-BB89-CCB4EDBD626A}.Release|iPhoneSimulator.Build.0 = Release|Any CPU
		{4DED312E-1AB3-4FDE-BB89-CCB4EDBD626A}.Release|iPhoneSimulator.Deploy.0 = Release|Any CPU
		{C4F7BB21-BD4F-40F8-8748-B4DCE9F237AA}.Debug|Any CPU.ActiveCfg = Debug|iPhone
		{C4F7BB21-BD4F-40F8-8748-B4DCE9F237AA}.Debug|Any CPU.Build.0 = Debug|iPhone
		{C4F7BB21-BD4F-40F8-8748-B4DCE9F237AA}.Debug|Any CPU.Deploy.0 = Debug|iPhone
		{C4F7BB21-BD4F-40F8-8748-B4DCE9F237AA}.Debug|iPhone.ActiveCfg = Debug|iPhone
		{C4F7BB21-BD4F-40F8-8748-B4DCE9F237AA}.Debug|iPhone.Build.0 = Debug|iPhone
		{C4F7BB21-BD4F-40F8-8748-B4DCE9F237AA}.Debug|iPhone.Deploy.0 = Debug|iPhone
		{C4F7BB21-BD4F-40F8-8748-B4DCE9F237AA}.Debug|iPhoneSimulator.ActiveCfg = Debug|iPhoneSimulator
		{C4F7BB21-BD4F-40F8-8748-B4DCE9F237AA}.Debug|iPhoneSimulator.Build.0 = Debug|iPhoneSimulator
		{C4F7BB21-BD4F-40F8-8748-B4DCE9F237AA}.Debug|iPhoneSimulator.Deploy.0 = Debug|iPhoneSimulator
		{C4F7BB21-BD4F-40F8-8748-B4DCE9F237AA}.Release|Any CPU.ActiveCfg = Release|iPhoneSimulator
		{C4F7BB21-BD4F-40F8-8748-B4DCE9F237AA}.Release|Any CPU.Build.0 = Release|iPhoneSimulator
		{C4F7BB21-BD4F-40F8-8748-B4DCE9F237AA}.Release|Any CPU.Deploy.0 = Release|iPhoneSimulator
		{C4F7BB21-BD4F-40F8-8748-B4DCE9F237AA}.Release|iPhone.ActiveCfg = Release|iPhone
		{C4F7BB21-BD4F-40F8-8748-B4DCE9F237AA}.Release|iPhone.Build.0 = Release|iPhone
		{C4F7BB21-BD4F-40F8-8748-B4DCE9F237AA}.Release|iPhone.Deploy.0 = Release|iPhone
		{C4F7BB21-BD4F-40F8-8748-B4DCE9F237AA}.Release|iPhoneSimulator.ActiveCfg = Release|iPhoneSimulator
		{C4F7BB21-BD4F-40F8-8748-B4DCE9F237AA}.Release|iPhoneSimulator.Build.0 = Release|iPhoneSimulator
		{C4F7BB21-BD4F-40F8-8748-B4DCE9F237AA}.Release|iPhoneSimulator.Deploy.0 = Release|iPhoneSimulator
		{628775C3-B63D-4149-83BA-ADF155695AA9}.Debug|Any CPU.ActiveCfg = Debug|Any CPU
		{628775C3-B63D-4149-83BA-ADF155695AA9}.Debug|Any CPU.Build.0 = Debug|Any CPU
		{628775C3-B63D-4149-83BA-ADF155695AA9}.Debug|Any CPU.Deploy.0 = Debug|Any CPU
		{628775C3-B63D-4149-83BA-ADF155695AA9}.Debug|iPhone.ActiveCfg = Debug|Any CPU
		{628775C3-B63D-4149-83BA-ADF155695AA9}.Debug|iPhone.Build.0 = Debug|Any CPU
		{628775C3-B63D-4149-83BA-ADF155695AA9}.Debug|iPhone.Deploy.0 = Debug|Any CPU
		{628775C3-B63D-4149-83BA-ADF155695AA9}.Debug|iPhoneSimulator.ActiveCfg = Debug|Any CPU
		{628775C3-B63D-4149-83BA-ADF155695AA9}.Debug|iPhoneSimulator.Build.0 = Debug|Any CPU
		{628775C3-B63D-4149-83BA-ADF155695AA9}.Debug|iPhoneSimulator.Deploy.0 = Debug|Any CPU
		{628775C3-B63D-4149-83BA-ADF155695AA9}.Release|Any CPU.ActiveCfg = Release|Any CPU
		{628775C3-B63D-4149-83BA-ADF155695AA9}.Release|Any CPU.Build.0 = Release|Any CPU
		{628775C3-B63D-4149-83BA-ADF155695AA9}.Release|Any CPU.Deploy.0 = Release|Any CPU
		{628775C3-B63D-4149-83BA-ADF155695AA9}.Release|iPhone.ActiveCfg = Release|Any CPU
		{628775C3-B63D-4149-83BA-ADF155695AA9}.Release|iPhone.Build.0 = Release|Any CPU
		{628775C3-B63D-4149-83BA-ADF155695AA9}.Release|iPhone.Deploy.0 = Release|Any CPU
		{628775C3-B63D-4149-83BA-ADF155695AA9}.Release|iPhoneSimulator.ActiveCfg = Release|Any CPU
		{628775C3-B63D-4149-83BA-ADF155695AA9}.Release|iPhoneSimulator.Build.0 = Release|Any CPU
		{628775C3-B63D-4149-83BA-ADF155695AA9}.Release|iPhoneSimulator.Deploy.0 = Release|Any CPU
	EndGlobalSection
	GlobalSection(SolutionProperties) = preSolution
		HideSolutionNode = FALSE
	EndGlobalSection
	GlobalSection(ExtensibilityGlobals) = postSolution
		SolutionGuid = {3288C780-4255-49F9-AEDD-9E89816D0FF8}
	EndGlobalSection
EndGlobal
