
Microsoft Visual Studio Solution File, Format Version 12.00
# Visual Studio Version 17
VisualStudioVersion = 17.4.33110.190
MinimumVisualStudioVersion = 10.0.40219.1
Project("{FAE04EC0-301F-11D3-BF4B-00C04F79EFBC}") = "DemoFlyout.Android", "DemoFlyout.Android\DemoFlyout.Android.csproj", "{59DDB5CD-2A08-4423-8AF9-E57CED2464FD}"
EndProject
Project("{FAE04EC0-301F-11D3-BF4B-00C04F79EFBC}") = "DemoFlyout.iOS", "DemoFlyout.iOS\DemoFlyout.iOS.csproj", "{FF852902-A87F-4E6E-8E4A-EEB8CDA2C358}"
EndProject
Project("{FAE04EC0-301F-11D3-BF4B-00C04F79EFBC}") = "DemoFlyout", "DemoFlyout\DemoFlyout.csproj", "{DAFC8121-865B-4183-8E17-7D837274C139}"
EndProject
Global
	GlobalSection(SolutionConfigurationPlatforms) = preSolution
		Debug|Any CPU = Debug|Any CPU
		Debug|iPhone = Debug|iPhone
		Debug|iPhoneSimulator = Debug|iPhoneSimulator
		Release|Any CPU = Release|Any CPU
		Release|iPhone = Release|iPhone
		Release|iPhoneSimulator = Release|iPhoneSimulator
	EndGlobalSection
	GlobalSection(ProjectConfigurationPlatforms) = postSolution
		{59DDB5CD-2A08-4423-8AF9-E57CED2464FD}.Debug|Any CPU.ActiveCfg = Debug|Any CPU
		{59DDB5CD-2A08-4423-8AF9-E57CED2464FD}.Debug|Any CPU.Build.0 = Debug|Any CPU
		{59DDB5CD-2A08-4423-8AF9-E57CED2464FD}.Debug|Any CPU.Deploy.0 = Debug|Any CPU
		{59DDB5CD-2A08-4423-8AF9-E57CED2464FD}.Debug|iPhone.ActiveCfg = Debug|Any CPU
		{59DDB5CD-2A08-4423-8AF9-E57CED2464FD}.Debug|iPhone.Build.0 = Debug|Any CPU
		{59DDB5CD-2A08-4423-8AF9-E57CED2464FD}.Debug|iPhone.Deploy.0 = Debug|Any CPU
		{59DDB5CD-2A08-4423-8AF9-E57CED2464FD}.Debug|iPhoneSimulator.ActiveCfg = Debug|Any CPU
		{59DDB5CD-2A08-4423-8AF9-E57CED2464FD}.Debug|iPhoneSimulator.Build.0 = Debug|Any CPU
		{59DDB5CD-2A08-4423-8AF9-E57CED2464FD}.Debug|iPhoneSimulator.Deploy.0 = Debug|Any CPU
		{59DDB5CD-2A08-4423-8AF9-E57CED2464FD}.Release|Any CPU.ActiveCfg = Release|Any CPU
		{59DDB5CD-2A08-4423-8AF9-E57CED2464FD}.Release|Any CPU.Build.0 = Release|Any CPU
		{59DDB5CD-2A08-4423-8AF9-E57CED2464FD}.Release|Any CPU.Deploy.0 = Release|Any CPU
		{59DDB5CD-2A08-4423-8AF9-E57CED2464FD}.Release|iPhone.ActiveCfg = Release|Any CPU
		{59DDB5CD-2A08-4423-8AF9-E57CED2464FD}.Release|iPhone.Build.0 = Release|Any CPU
		{59DDB5CD-2A08-4423-8AF9-E57CED2464FD}.Release|iPhone.Deploy.0 = Release|Any CPU
		{59DDB5CD-2A08-4423-8AF9-E57CED2464FD}.Release|iPhoneSimulator.ActiveCfg = Release|Any CPU
		{59DDB5CD-2A08-4423-8AF9-E57CED2464FD}.Release|iPhoneSimulator.Build.0 = Release|Any CPU
		{59DDB5CD-2A08-4423-8AF9-E57CED2464FD}.Release|iPhoneSimulator.Deploy.0 = Release|Any CPU
		{FF852902-A87F-4E6E-8E4A-EEB8CDA2C358}.Debug|Any CPU.ActiveCfg = Debug|iPhone
		{FF852902-A87F-4E6E-8E4A-EEB8CDA2C358}.Debug|Any CPU.Build.0 = Debug|iPhone
		{FF852902-A87F-4E6E-8E4A-EEB8CDA2C358}.Debug|Any CPU.Deploy.0 = Debug|iPhone
		{FF852902-A87F-4E6E-8E4A-EEB8CDA2C358}.Debug|iPhone.ActiveCfg = Debug|iPhone
		{FF852902-A87F-4E6E-8E4A-EEB8CDA2C358}.Debug|iPhone.Build.0 = Debug|iPhone
		{FF852902-A87F-4E6E-8E4A-EEB8CDA2C358}.Debug|iPhone.Deploy.0 = Debug|iPhone
		{FF852902-A87F-4E6E-8E4A-EEB8CDA2C358}.Debug|iPhoneSimulator.ActiveCfg = Debug|iPhoneSimulator
		{FF852902-A87F-4E6E-8E4A-EEB8CDA2C358}.Debug|iPhoneSimulator.Build.0 = Debug|iPhoneSimulator
		{FF852902-A87F-4E6E-8E4A-EEB8CDA2C358}.Debug|iPhoneSimulator.Deploy.0 = Debug|iPhoneSimulator
		{FF852902-A87F-4E6E-8E4A-EEB8CDA2C358}.Release|Any CPU.ActiveCfg = Release|iPhoneSimulator
		{FF852902-A87F-4E6E-8E4A-EEB8CDA2C358}.Release|Any CPU.Build.0 = Release|iPhoneSimulator
		{FF852902-A87F-4E6E-8E4A-EEB8CDA2C358}.Release|Any CPU.Deploy.0 = Release|iPhoneSimulator
		{FF852902-A87F-4E6E-8E4A-EEB8CDA2C358}.Release|iPhone.ActiveCfg = Release|iPhone
		{FF852902-A87F-4E6E-8E4A-EEB8CDA2C358}.Release|iPhone.Build.0 = Release|iPhone
		{FF852902-A87F-4E6E-8E4A-EEB8CDA2C358}.Release|iPhone.Deploy.0 = Release|iPhone
		{FF852902-A87F-4E6E-8E4A-EEB8CDA2C358}.Release|iPhoneSimulator.ActiveCfg = Release|iPhoneSimulator
		{FF852902-A87F-4E6E-8E4A-EEB8CDA2C358}.Release|iPhoneSimulator.Build.0 = Release|iPhoneSimulator
		{FF852902-A87F-4E6E-8E4A-EEB8CDA2C358}.Release|iPhoneSimulator.Deploy.0 = Release|iPhoneSimulator
		{DAFC8121-865B-4183-8E17-7D837274C139}.Debug|Any CPU.ActiveCfg = Debug|Any CPU
		{DAFC8121-865B-4183-8E17-7D837274C139}.Debug|Any CPU.Build.0 = Debug|Any CPU
		{DAFC8121-865B-4183-8E17-7D837274C139}.Debug|Any CPU.Deploy.0 = Debug|Any CPU
		{DAFC8121-865B-4183-8E17-7D837274C139}.Debug|iPhone.ActiveCfg = Debug|Any CPU
		{DAFC8121-865B-4183-8E17-7D837274C139}.Debug|iPhone.Build.0 = Debug|Any CPU
		{DAFC8121-865B-4183-8E17-7D837274C139}.Debug|iPhone.Deploy.0 = Debug|Any CPU
		{DAFC8121-865B-4183-8E17-7D837274C139}.Debug|iPhoneSimulator.ActiveCfg = Debug|Any CPU
		{DAFC8121-865B-4183-8E17-7D837274C139}.Debug|iPhoneSimulator.Build.0 = Debug|Any CPU
		{DAFC8121-865B-4183-8E17-7D837274C139}.Debug|iPhoneSimulator.Deploy.0 = Debug|Any CPU
		{DAFC8121-865B-4183-8E17-7D837274C139}.Release|Any CPU.ActiveCfg = Release|Any CPU
		{DAFC8121-865B-4183-8E17-7D837274C139}.Release|Any CPU.Build.0 = Release|Any CPU
		{DAFC8121-865B-4183-8E17-7D837274C139}.Release|Any CPU.Deploy.0 = Release|Any CPU
		{DAFC8121-865B-4183-8E17-7D837274C139}.Release|iPhone.ActiveCfg = Release|Any CPU
		{DAFC8121-865B-4183-8E17-7D837274C139}.Release|iPhone.Build.0 = Release|Any CPU
		{DAFC8121-865B-4183-8E17-7D837274C139}.Release|iPhone.Deploy.0 = Release|Any CPU
		{DAFC8121-865B-4183-8E17-7D837274C139}.Release|iPhoneSimulator.ActiveCfg = Release|Any CPU
		{DAFC8121-865B-4183-8E17-7D837274C139}.Release|iPhoneSimulator.Build.0 = Release|Any CPU
		{DAFC8121-865B-4183-8E17-7D837274C139}.Release|iPhoneSimulator.Deploy.0 = Release|Any CPU
	EndGlobalSection
	GlobalSection(SolutionProperties) = preSolution
		HideSolutionNode = FALSE
	EndGlobalSection
	GlobalSection(ExtensibilityGlobals) = postSolution
		SolutionGuid = {D2AC9B47-C373-448F-A9AA-49AD84DACC37}
	EndGlobalSection
EndGlobal
