
Microsoft Visual Studio Solution File, Format Version 12.00
# Visual Studio Version 17
VisualStudioVersion = 17.4.33103.184
MinimumVisualStudioVersion = 10.0.40219.1
Project("{FAE04EC0-301F-11D3-BF4B-00C04F79EFBC}") = "Calaculadora.Android", "Calaculadora\Calaculadora.Android\Calaculadora.Android.csproj", "{3E4E6215-13F8-448F-919D-62EF0F9A6AF4}"
EndProject
Project("{FAE04EC0-301F-11D3-BF4B-00C04F79EFBC}") = "Calaculadora.iOS", "Calaculadora\Calaculadora.iOS\Calaculadora.iOS.csproj", "{C728A248-515D-408B-9DF4-70C981061A4A}"
EndProject
Project("{FAE04EC0-301F-11D3-BF4B-00C04F79EFBC}") = "Calaculadora", "Calaculadora\Calaculadora\Calaculadora.csproj", "{1E6526CB-47E1-40DF-A0BD-6837C17440B3}"
EndProject
Global
	GlobalSection(SolutionConfigurationPlatforms) = preSolution
		Debug|Any CPU = Debug|Any CPU
		Debug|iPhone = Debug|iPhone
		Debug|iPhoneSimulator = Debug|iPhoneSimulator
		Release|Any CPU = Release|Any CPU
		Release|iPhone = Release|iPhone
		Release|iPhoneSimulator = Release|iPhoneSimulator
	EndGlobalSection
	GlobalSection(ProjectConfigurationPlatforms) = postSolution
		{3E4E6215-13F8-448F-919D-62EF0F9A6AF4}.Debug|Any CPU.ActiveCfg = Debug|Any CPU
		{3E4E6215-13F8-448F-919D-62EF0F9A6AF4}.Debug|Any CPU.Build.0 = Debug|Any CPU
		{3E4E6215-13F8-448F-919D-62EF0F9A6AF4}.Debug|Any CPU.Deploy.0 = Debug|Any CPU
		{3E4E6215-13F8-448F-919D-62EF0F9A6AF4}.Debug|iPhone.ActiveCfg = Debug|Any CPU
		{3E4E6215-13F8-448F-919D-62EF0F9A6AF4}.Debug|iPhone.Build.0 = Debug|Any CPU
		{3E4E6215-13F8-448F-919D-62EF0F9A6AF4}.Debug|iPhone.Deploy.0 = Debug|Any CPU
		{3E4E6215-13F8-448F-919D-62EF0F9A6AF4}.Debug|iPhoneSimulator.ActiveCfg = Debug|Any CPU
		{3E4E6215-13F8-448F-919D-62EF0F9A6AF4}.Debug|iPhoneSimulator.Build.0 = Debug|Any CPU
		{3E4E6215-13F8-448F-919D-62EF0F9A6AF4}.Debug|iPhoneSimulator.Deploy.0 = Debug|Any CPU
		{3E4E6215-13F8-448F-919D-62EF0F9A6AF4}.Release|Any CPU.ActiveCfg = Release|Any CPU
		{3E4E6215-13F8-448F-919D-62EF0F9A6AF4}.Release|Any CPU.Build.0 = Release|Any CPU
		{3E4E6215-13F8-448F-919D-62EF0F9A6AF4}.Release|Any CPU.Deploy.0 = Release|Any CPU
		{3E4E6215-13F8-448F-919D-62EF0F9A6AF4}.Release|iPhone.ActiveCfg = Release|Any CPU
		{3E4E6215-13F8-448F-919D-62EF0F9A6AF4}.Release|iPhone.Build.0 = Release|Any CPU
		{3E4E6215-13F8-448F-919D-62EF0F9A6AF4}.Release|iPhone.Deploy.0 = Release|Any CPU
		{3E4E6215-13F8-448F-919D-62EF0F9A6AF4}.Release|iPhoneSimulator.ActiveCfg = Release|Any CPU
		{3E4E6215-13F8-448F-919D-62EF0F9A6AF4}.Release|iPhoneSimulator.Build.0 = Release|Any CPU
		{3E4E6215-13F8-448F-919D-62EF0F9A6AF4}.Release|iPhoneSimulator.Deploy.0 = Release|Any CPU
		{C728A248-515D-408B-9DF4-70C981061A4A}.Debug|Any CPU.ActiveCfg = Debug|iPhone
		{C728A248-515D-408B-9DF4-70C981061A4A}.Debug|Any CPU.Build.0 = Debug|iPhone
		{C728A248-515D-408B-9DF4-70C981061A4A}.Debug|Any CPU.Deploy.0 = Debug|iPhone
		{C728A248-515D-408B-9DF4-70C981061A4A}.Debug|iPhone.ActiveCfg = Debug|iPhone
		{C728A248-515D-408B-9DF4-70C981061A4A}.Debug|iPhone.Build.0 = Debug|iPhone
		{C728A248-515D-408B-9DF4-70C981061A4A}.Debug|iPhone.Deploy.0 = Debug|iPhone
		{C728A248-515D-408B-9DF4-70C981061A4A}.Debug|iPhoneSimulator.ActiveCfg = Debug|iPhoneSimulator
		{C728A248-515D-408B-9DF4-70C981061A4A}.Debug|iPhoneSimulator.Build.0 = Debug|iPhoneSimulator
		{C728A248-515D-408B-9DF4-70C981061A4A}.Debug|iPhoneSimulator.Deploy.0 = Debug|iPhoneSimulator
		{C728A248-515D-408B-9DF4-70C981061A4A}.Release|Any CPU.ActiveCfg = Release|iPhoneSimulator
		{C728A248-515D-408B-9DF4-70C981061A4A}.Release|Any CPU.Build.0 = Release|iPhoneSimulator
		{C728A248-515D-408B-9DF4-70C981061A4A}.Release|Any CPU.Deploy.0 = Release|iPhoneSimulator
		{C728A248-515D-408B-9DF4-70C981061A4A}.Release|iPhone.ActiveCfg = Release|iPhone
		{C728A248-515D-408B-9DF4-70C981061A4A}.Release|iPhone.Build.0 = Release|iPhone
		{C728A248-515D-408B-9DF4-70C981061A4A}.Release|iPhone.Deploy.0 = Release|iPhone
		{C728A248-515D-408B-9DF4-70C981061A4A}.Release|iPhoneSimulator.ActiveCfg = Release|iPhoneSimulator
		{C728A248-515D-408B-9DF4-70C981061A4A}.Release|iPhoneSimulator.Build.0 = Release|iPhoneSimulator
		{C728A248-515D-408B-9DF4-70C981061A4A}.Release|iPhoneSimulator.Deploy.0 = Release|iPhoneSimulator
		{1E6526CB-47E1-40DF-A0BD-6837C17440B3}.Debug|Any CPU.ActiveCfg = Debug|Any CPU
		{1E6526CB-47E1-40DF-A0BD-6837C17440B3}.Debug|Any CPU.Build.0 = Debug|Any CPU
		{1E6526CB-47E1-40DF-A0BD-6837C17440B3}.Debug|Any CPU.Deploy.0 = Debug|Any CPU
		{1E6526CB-47E1-40DF-A0BD-6837C17440B3}.Debug|iPhone.ActiveCfg = Debug|Any CPU
		{1E6526CB-47E1-40DF-A0BD-6837C17440B3}.Debug|iPhone.Build.0 = Debug|Any CPU
		{1E6526CB-47E1-40DF-A0BD-6837C17440B3}.Debug|iPhone.Deploy.0 = Debug|Any CPU
		{1E6526CB-47E1-40DF-A0BD-6837C17440B3}.Debug|iPhoneSimulator.ActiveCfg = Debug|Any CPU
		{1E6526CB-47E1-40DF-A0BD-6837C17440B3}.Debug|iPhoneSimulator.Build.0 = Debug|Any CPU
		{1E6526CB-47E1-40DF-A0BD-6837C17440B3}.Debug|iPhoneSimulator.Deploy.0 = Debug|Any CPU
		{1E6526CB-47E1-40DF-A0BD-6837C17440B3}.Release|Any CPU.ActiveCfg = Release|Any CPU
		{1E6526CB-47E1-40DF-A0BD-6837C17440B3}.Release|Any CPU.Build.0 = Release|Any CPU
		{1E6526CB-47E1-40DF-A0BD-6837C17440B3}.Release|Any CPU.Deploy.0 = Release|Any CPU
		{1E6526CB-47E1-40DF-A0BD-6837C17440B3}.Release|iPhone.ActiveCfg = Release|Any CPU
		{1E6526CB-47E1-40DF-A0BD-6837C17440B3}.Release|iPhone.Build.0 = Release|Any CPU
		{1E6526CB-47E1-40DF-A0BD-6837C17440B3}.Release|iPhone.Deploy.0 = Release|Any CPU
		{1E6526CB-47E1-40DF-A0BD-6837C17440B3}.Release|iPhoneSimulator.ActiveCfg = Release|Any CPU
		{1E6526CB-47E1-40DF-A0BD-6837C17440B3}.Release|iPhoneSimulator.Build.0 = Release|Any CPU
		{1E6526CB-47E1-40DF-A0BD-6837C17440B3}.Release|iPhoneSimulator.Deploy.0 = Release|Any CPU
	EndGlobalSection
	GlobalSection(SolutionProperties) = preSolution
		HideSolutionNode = FALSE
	EndGlobalSection
	GlobalSection(ExtensibilityGlobals) = postSolution
		SolutionGuid = {FD0DA078-2864-42EC-B8BC-09DD5B53521C}
	EndGlobalSection
EndGlobal
